
Microsoft Visual Studio Solution File, Format Version 12.00
# Visual Studio Version 17
VisualStudioVersion = 17.4.33213.308
MinimumVisualStudioVersion = 10.0.40219.1
Project("{FAE04EC0-301F-11D3-BF4B-00C04F79EFBC}") = "SocketCliente253", "SocketCliente253\SocketCliente253.csproj", "{9E434C26-CBA0-4A98-9302-25419C2B73BB}"
EndProject
Global
	GlobalSection(SolutionConfigurationPlatforms) = preSolution
		Debug|Any CPU = Debug|Any CPU
		Release|Any CPU = Release|Any CPU
	EndGlobalSection
	GlobalSection(ProjectConfigurationPlatforms) = postSolution
		{9E434C26-CBA0-4A98-9302-25419C2B73BB}.Debug|Any CPU.ActiveCfg = Debug|Any CPU
		{9E434C26-CBA0-4A98-9302-25419C2B73BB}.Debug|Any CPU.Build.0 = Debug|Any CPU
		{9E434C26-CBA0-4A98-9302-25419C2B73BB}.Release|Any CPU.ActiveCfg = Release|Any CPU
		{9E434C26-CBA0-4A98-9302-25419C2B73BB}.Release|Any CPU.Build.0 = Release|Any CPU
	EndGlobalSection
	GlobalSection(SolutionProperties) = preSolution
		HideSolutionNode = FALSE
	EndGlobalSection
	GlobalSection(ExtensibilityGlobals) = postSolution
		SolutionGuid = {59B30438-087D-48E4-AA17-42EDBC628631}
	EndGlobalSection
EndGlobal
